
Microsoft Visual Studio Solution File, Format Version 12.00
# Visual Studio Version 17
VisualStudioVersion = 17.12.35527.113
MinimumVisualStudioVersion = 10.0.40219.1
Project("{FAE04EC0-301F-11D3-BF4B-00C04F79EFBC}") = "FUNewsManagementSystem", "FUNewsManagementSystem\FUNewsManagementSystem.csproj", "{FC1AE569-3057-46D6-9676-8D88F9686498}"
EndProject
Project("{2150E333-8FDC-42A3-9474-1A3956D46DE8}") = "Solution Items", "Solution Items", "{BCE8CF78-2702-4388-9C0D-BB62C014768F}"
	ProjectSection(SolutionItems) = preProject
		.gitignore = .gitignore
	EndProjectSection
EndProject
Project("{FAE04EC0-301F-11D3-BF4B-00C04F79EFBC}") = "FUNewsManagementSystem.DAL", "FUNewsManagementSystem.DAL\FUNewsManagementSystem.DAL.csproj", "{AA246847-FA53-4D7B-B97B-2EE9B55808FA}"
EndProject
Project("{FAE04EC0-301F-11D3-BF4B-00C04F79EFBC}") = "FUNewsManagementSystem.BLL", "FUNewsManagementSystem.BLL\FUNewsManagementSystem.BLL.csproj", "{6F681743-4F07-4562-BCFA-30535BE7D9C4}"
EndProject
Global
	GlobalSection(SolutionConfigurationPlatforms) = preSolution
		Debug|Any CPU = Debug|Any CPU
		Release|Any CPU = Release|Any CPU
	EndGlobalSection
	GlobalSection(ProjectConfigurationPlatforms) = postSolution
		{FC1AE569-3057-46D6-9676-8D88F9686498}.Debug|Any CPU.ActiveCfg = Debug|Any CPU
		{FC1AE569-3057-46D6-9676-8D88F9686498}.Debug|Any CPU.Build.0 = Debug|Any CPU
		{FC1AE569-3057-46D6-9676-8D88F9686498}.Release|Any CPU.ActiveCfg = Release|Any CPU
		{FC1AE569-3057-46D6-9676-8D88F9686498}.Release|Any CPU.Build.0 = Release|Any CPU
		{AA246847-FA53-4D7B-B97B-2EE9B55808FA}.Debug|Any CPU.ActiveCfg = Debug|Any CPU
		{AA246847-FA53-4D7B-B97B-2EE9B55808FA}.Debug|Any CPU.Build.0 = Debug|Any CPU
		{AA246847-FA53-4D7B-B97B-2EE9B55808FA}.Release|Any CPU.ActiveCfg = Release|Any CPU
		{AA246847-FA53-4D7B-B97B-2EE9B55808FA}.Release|Any CPU.Build.0 = Release|Any CPU
		{6F681743-4F07-4562-BCFA-30535BE7D9C4}.Debug|Any CPU.ActiveCfg = Debug|Any CPU
		{6F681743-4F07-4562-BCFA-30535BE7D9C4}.Debug|Any CPU.Build.0 = Debug|Any CPU
		{6F681743-4F07-4562-BCFA-30535BE7D9C4}.Release|Any CPU.ActiveCfg = Release|Any CPU
		{6F681743-4F07-4562-BCFA-30535BE7D9C4}.Release|Any CPU.Build.0 = Release|Any CPU
	EndGlobalSection
	GlobalSection(SolutionProperties) = preSolution
		HideSolutionNode = FALSE
	EndGlobalSection
EndGlobal
